{
  "name": "test-array-helper",
  "version": "1.0.0",
  "lockfileVersion": 3,
  "requires": true,
  "packages": {
    "": {
      "name": "test-array-helper",
      "version": "1.0.0",
      "license": "ISC",
      "dependencies": {
        "array-helper-functions": "^1.4.0"
      }
    },
    "node_modules/array-helper-functions": {
      "version": "1.4.0",
      "resolved": "https://registry.npmjs.org/array-helper-functions/-/array-helper-functions-1.4.0.tgz",
      "integrity": "sha512-vRgCo9LtDSKmuJHuLYKSrUr+Cv6sIKHIxiogGzhLEa/DqF5J4u4lGpMBo4gXgwccLN1T0wboMaXmPqdVqs+vHw==",
      "engines": {
        "node": "6.x",
        "npm": "3.x"
      }
    }
  }
}
